Microsoft Visual Studio Solution File, Format Version 12.00
# Visual Studio Version 17
VisualStudioVersion = 17.5.2.0
MinimumVisualStudioVersion = 10.0.40219.1
Project("{FAE04EC0-301F-11D3-BF4B-00C04F79EFBC}") = "ErikLabb3", "ErikLabb3.csproj", "{B094A980-7371-ECE0-9D74-47964D104DD6}"
EndProject
Global
	GlobalSection(SolutionConfigurationPlatforms) = preSolution
		Debug|Any CPU = Debug|Any CPU
		Release|Any CPU = Release|Any CPU
	EndGlobalSection
	GlobalSection(ProjectConfigurationPlatforms) = postSolution
		{B094A980-7371-ECE0-9D74-47964D104DD6}.Debug|Any CPU.ActiveCfg = Debug|Any CPU
		{B094A980-7371-ECE0-9D74-47964D104DD6}.Debug|Any CPU.Build.0 = Debug|Any CPU
		{B094A980-7371-ECE0-9D74-47964D104DD6}.Release|Any CPU.ActiveCfg = Release|Any CPU
		{B094A980-7371-ECE0-9D74-47964D104DD6}.Release|Any CPU.Build.0 = Release|Any CPU
	EndGlobalSection
	GlobalSection(SolutionProperties) = preSolution
		HideSolutionNode = FALSE
	EndGlobalSection
	GlobalSection(ExtensibilityGlobals) = postSolution
		SolutionGuid = {0BB5763B-818E-4DF2-A5BA-D03955B844EA}
	EndGlobalSection
EndGlobal
